
Microsoft Visual Studio Solution File, Format Version 12.00
# Visual Studio 14
VisualStudioVersion = 14.0.25420.1
MinimumVisualStudioVersion = 10.0.40219.1
Project("{FAE04EC0-301F-11D3-BF4B-00C04F79EFBC}") = "20170412_work04_HoughTransform", "20170412_work04_HoughTransform\20170412_work04_HoughTransform.csproj", "{0FD33921-BD04-433D-B11B-7A90F8FF48DA}"
EndProject
Global
	GlobalSection(SolutionConfigurationPlatforms) = preSolution
		Debug|Any CPU = Debug|Any CPU
		Release|Any CPU = Release|Any CPU
	EndGlobalSection
	GlobalSection(ProjectConfigurationPlatforms) = postSolution
		{0FD33921-BD04-433D-B11B-7A90F8FF48DA}.Debug|Any CPU.ActiveCfg = Debug|Any CPU
		{0FD33921-BD04-433D-B11B-7A90F8FF48DA}.Debug|Any CPU.Build.0 = Debug|Any CPU
		{0FD33921-BD04-433D-B11B-7A90F8FF48DA}.Release|Any CPU.ActiveCfg = Release|Any CPU
		{0FD33921-BD04-433D-B11B-7A90F8FF48DA}.Release|Any CPU.Build.0 = Release|Any CPU
	EndGlobalSection
	GlobalSection(SolutionProperties) = preSolution
		HideSolutionNode = FALSE
	EndGlobalSection
EndGlobal
